// !$*UTF8*$!
{
	archiveVersion = 1;
	classes = {
	};
	objectVersion = 77;
	objects = {

/* Begin PBXContainerItemProxy section */
		C385B9412E5C9E0D00388B1A /* PBXContainerItemProxy */ = {
			isa = PBXContainerItemProxy;
			containerPortal = C385B9262E5C9E0B00388B1A /* Project object */;
			proxyType = 1;
			remoteGlobalIDString = C385B92D2E5C9E0B00388B1A;
			remoteInfo = gameshelf;
		};
		C385B94B2E5C9E0D00388B1A /* PBXContainerItemProxy */ = {
			isa = PBXContainerItemProxy;
			containerPortal = C385B9262E5C9E0B00388B1A /* Project object */;
			proxyType = 1;
			remoteGlobalIDString = C385B92D2E5C9E0B00388B1A;
			remoteInfo = gameshelf;
		};
/* End PBXContainerItemProxy section */

/* Begin PBXFileReference section */
		C385B92E2E5C9E0B00388B1A /* Gameshelf.app */ = {isa = PBXFileReference; explicitFileType = wrapper.application; includeInIndex = 0; path = Gameshelf.app; sourceTree = BUILT_PRODUCTS_DIR; };
		C385B9402E5C9E0D00388B1A /* GameshelfTests.xctest */ = {isa = PBXFileReference; explicitFileType = wrapper.cfbundle; includeInIndex = 0; path = GameshelfTests.xctest; sourceTree = BUILT_PRODUCTS_DIR; };
		C385B94A2E5C9E0D00388B1A /* GameshelfUITests.xctest */ = {isa = PBXFileReference; explicitFileType = wrapper.cfbundle; includeInIndex = 0; path = GameshelfUITests.xctest; sourceTree = BUILT_PRODUCTS_DIR; };
/* End PBXFileReference section */

/* Begin PBXFileSystemSynchronizedBuildFileExceptionSet section */
		C385B9882E5DD3FA00388B1A /* Exceptions for "gameshelf" folder in "Gameshelf" target */ = {
			isa = PBXFileSystemSynchronizedBuildFileExceptionSet;
			membershipExceptions = (
				Info.plist,
				Support/Previews/ContentView.swift,
			);
			target = C385B92D2E5C9E0B00388B1A /* Gameshelf */;
		};
/* End PBXFileSystemSynchronizedBuildFileExceptionSet section */

/* Begin PBXFileSystemSynchronizedRootGroup section */
		C385B9302E5C9E0B00388B1A /* gameshelf */ = {
			isa = PBXFileSystemSynchronizedRootGroup;
			exceptions = (
				C385B9882E5DD3FA00388B1A /* Exceptions for "gameshelf" folder in "Gameshelf" target */,
			);
			path = gameshelf;
			sourceTree = "<group>";
		};
		C385B9432E5C9E0D00388B1A /* gameshelfTests */ = {
			isa = PBXFileSystemSynchronizedRootGroup;
			path = gameshelfTests;
			sourceTree = "<group>";
		};
		C385B94D2E5C9E0D00388B1A /* gameshelfUITests */ = {
			isa = PBXFileSystemSynchronizedRootGroup;
			path = gameshelfUITests;
			sourceTree = "<group>";
		};
/* End PBXFileSystemSynchronizedRootGroup section */

/* Begin PBXFrameworksBuildPhase section */
		C385B92B2E5C9E0B00388B1A /* Frameworks */ = {
			isa = PBXFrameworksBuildPhase;
			buildActionMask = 2147483647;
			files = (
			);
			runOnlyForDeploymentPostprocessing = 0;
		};
		C385B93D2E5C9E0D00388B1A /* Frameworks */ = {
			isa = PBXFrameworksBuildPhase;
			buildActionMask = 2147483647;
			files = (
			);
			runOnlyForDeploymentPostprocessing = 0;
		};
		C385B9472E5C9E0D00388B1A /* Frameworks */ = {
			isa = PBXFrameworksBuildPhase;
			buildActionMask = 2147483647;
			files = (
			);
			runOnlyForDeploymentPostprocessing = 0;
		};
/* End PBXFrameworksBuildPhase section */

/* Begin PBXGroup section */
		C385B9252E5C9E0B00388B1A = {
			isa = PBXGroup;
			children = (
				C385B9302E5C9E0B00388B1A /* gameshelf */,
				C385B9432E5C9E0D00388B1A /* gameshelfTests */,
				C385B94D2E5C9E0D00388B1A /* gameshelfUITests */,
				C385B92F2E5C9E0B00388B1A /* Products */,
			);
			sourceTree = "<group>";
		};
		C385B92F2E5C9E0B00388B1A /* Products */ = {
			isa = PBXGroup;
			children = (
				C385B92E2E5C9E0B00388B1A /* Gameshelf.app */,
				C385B9402E5C9E0D00388B1A /* GameshelfTests.xctest */,
				C385B94A2E5C9E0D00388B1A /* GameshelfUITests.xctest */,
			);
			name = Products;
			sourceTree = "<group>";
		};
/* End PBXGroup section */

/* Begin PBXNativeTarget section */
		C385B92D2E5C9E0B00388B1A /* Gameshelf */ = {
			isa = PBXNativeTarget;
			buildConfigurationList = C385B9542E5C9E0D00388B1A /* Build configuration list for PBXNativeTarget "Gameshelf" */;
			buildPhases = (
				C385B92A2E5C9E0B00388B1A /* Sources */,
				C385B92B2E5C9E0B00388B1A /* Frameworks */,
				C385B92C2E5C9E0B00388B1A /* Resources */,
			);
			buildRules = (
			);
			dependencies = (
			);
			fileSystemSynchronizedGroups = (
				C385B9302E5C9E0B00388B1A /* gameshelf */,
			);
			name = Gameshelf;
			packageProductDependencies = (
			);
			productName = gameshelf;
			productReference = C385B92E2E5C9E0B00388B1A /* Gameshelf.app */;
			productType = "com.apple.product-type.application";
		};
		C385B93F2E5C9E0D00388B1A /* GameshelfTests */ = {
			isa = PBXNativeTarget;
			buildConfigurationList = C385B9572E5C9E0D00388B1A /* Build configuration list for PBXNativeTarget "GameshelfTests" */;
			buildPhases = (
				C385B93C2E5C9E0D00388B1A /* Sources */,
				C385B93D2E5C9E0D00388B1A /* Frameworks */,
				C385B93E2E5C9E0D00388B1A /* Resources */,
			);
			buildRules = (
			);
			dependencies = (
				C385B9422E5C9E0D00388B1A /* PBXTargetDependency */,
			);
			fileSystemSynchronizedGroups = (
				C385B9432E5C9E0D00388B1A /* gameshelfTests */,
			);
			name = GameshelfTests;
			packageProductDependencies = (
			);
			productName = gameshelfTests;
			productReference = C385B9402E5C9E0D00388B1A /* GameshelfTests.xctest */;
			productType = "com.apple.product-type.bundle.unit-test";
		};
		C385B9492E5C9E0D00388B1A /* GameshelfUITests */ = {
			isa = PBXNativeTarget;
			buildConfigurationList = C385B95A2E5C9E0D00388B1A /* Build configuration list for PBXNativeTarget "GameshelfUITests" */;
			buildPhases = (
				C385B9462E5C9E0D00388B1A /* Sources */,
				C385B9472E5C9E0D00388B1A /* Frameworks */,
				C385B9482E5C9E0D00388B1A /* Resources */,
			);
			buildRules = (
			);
			dependencies = (
				C385B94C2E5C9E0D00388B1A /* PBXTargetDependency */,
			);
			fileSystemSynchronizedGroups = (
				C385B94D2E5C9E0D00388B1A /* gameshelfUITests */,
			);
			name = GameshelfUITests;
			packageProductDependencies = (
			);
			productName = gameshelfUITests;
			productReference = C385B94A2E5C9E0D00388B1A /* GameshelfUITests.xctest */;
			productType = "com.apple.product-type.bundle.ui-testing";
		};
/* End PBXNativeTarget section */

/* Begin PBXProject section */
		C385B9262E5C9E0B00388B1A /* Project object */ = {
			isa = PBXProject;
			attributes = {
				BuildIndependentTargetsInParallel = 1;
				LastSwiftUpdateCheck = 2600;
				LastUpgradeCheck = 2600;
				TargetAttributes = {
					C385B92D2E5C9E0B00388B1A = {
						CreatedOnToolsVersion = 26.0;
					};
					C385B93F2E5C9E0D00388B1A = {
						CreatedOnToolsVersion = 26.0;
						TestTargetID = C385B92D2E5C9E0B00388B1A;
					};
					C385B9492E5C9E0D00388B1A = {
						CreatedOnToolsVersion = 26.0;
						TestTargetID = C385B92D2E5C9E0B00388B1A;
					};
				};
			};
			buildConfigurationList = C385B9292E5C9E0B00388B1A /* Build configuration list for PBXProject "Gameshelf" */;
			developmentRegion = en;
			hasScannedForEncodings = 0;
			knownRegions = (
				en,
				Base,
			);
			mainGroup = C385B9252E5C9E0B00388B1A;
			minimizedProjectReferenceProxies = 1;
			packageReferences = (
				C385BA0D2E68279700388B1A /* XCLocalSwiftPackageReference "../../Downloads/GameshelfDesignSystem" */,
			);
			preferredProjectObjectVersion = 77;
			productRefGroup = C385B92F2E5C9E0B00388B1A /* Products */;
			projectDirPath = "";
			projectRoot = "";
			targets = (
				C385B92D2E5C9E0B00388B1A /* Gameshelf */,
				C385B93F2E5C9E0D00388B1A /* GameshelfTests */,
				C385B9492E5C9E0D00388B1A /* GameshelfUITests */,
			);
		};
/* End PBXProject section */

/* Begin PBXResourcesBuildPhase section */
		C385B92C2E5C9E0B00388B1A /* Resources */ = {
			isa = PBXResourcesBuildPhase;
			buildActionMask = 2147483647;
			files = (
			);
			runOnlyForDeploymentPostprocessing = 0;
		};
		C385B93E2E5C9E0D00388B1A /* Resources */ = {
			isa = PBXResourcesBuildPhase;
			buildActionMask = 2147483647;
			files = (
			);
			runOnlyForDeploymentPostprocessing = 0;
		};
		C385B9482E5C9E0D00388B1A /* Resources */ = {
			isa = PBXResourcesBuildPhase;
			buildActionMask = 2147483647;
			files = (
			);
			runOnlyForDeploymentPostprocessing = 0;
		};
/* End PBXResourcesBuildPhase section */

/* Begin PBXSourcesBuildPhase section */
		C385B92A2E5C9E0B00388B1A /* Sources */ = {
			isa = PBXSourcesBuildPhase;
			buildActionMask = 2147483647;
			files = (
			);
			runOnlyForDeploymentPostprocessing = 0;
		};
		C385B93C2E5C9E0D00388B1A /* Sources */ = {
			isa = PBXSourcesBuildPhase;
			buildActionMask = 2147483647;
			files = (
			);
			runOnlyForDeploymentPostprocessing = 0;
		};
		C385B9462E5C9E0D00388B1A /* Sources */ = {
			isa = PBXSourcesBuildPhase;
			buildActionMask = 2147483647;
			files = (
			);
			runOnlyForDeploymentPostprocessing = 0;
		};
/* End PBXSourcesBuildPhase section */

/* Begin PBXTargetDependency section */
		C385B9422E5C9E0D00388B1A /* PBXTargetDependency */ = {
			isa = PBXTargetDependency;
			target = C385B92D2E5C9E0B00388B1A /* Gameshelf */;
			targetProxy = C385B9412E5C9E0D00388B1A /* PBXContainerItemProxy */;
		};
		C385B94C2E5C9E0D00388B1A /* PBXTargetDependency */ = {
			isa = PBXTargetDependency;
			target = C385B92D2E5C9E0B00388B1A /* Gameshelf */;
			targetProxy = C385B94B2E5C9E0D00388B1A /* PBXContainerItemProxy */;
		};
/* End PBXTargetDependency section */

/* Begin XCBuildConfiguration section */
		C385B9522E5C9E0D00388B1A /* Debug */ = {
			isa = XCBuildConfiguration;
			buildSettings = {
				ALWAYS_SEARCH_USER_PATHS = NO;
				ASSETCATALOG_COMPILER_GENERATE_SWIFT_ASSET_SYMBOL_EXTENSIONS = YES;
				CLANG_ANALYZER_NONNULL = YES;
				CLANG_ANALYZER_NUMBER_OBJECT_CONVERSION = YES_AGGRESSIVE;
				CLANG_CXX_LANGUAGE_STANDARD = "gnu++20";
				CLANG_ENABLE_MODULES = YES;
				CLANG_ENABLE_OBJC_ARC = YES;
				CLANG_ENABLE_OBJC_WEAK = YES;
				CLANG_WARN_BLOCK_CAPTURE_AUTORELEASING = YES;
				CLANG_WARN_BOOL_CONVERSION = YES;
				CLANG_WARN_COMMA = YES;
				CLANG_WARN_CONSTANT_CONVERSION = YES;
				CLANG_WARN_DEPRECATED_OBJC_IMPLEMENTATIONS = YES;
				CLANG_WARN_DIRECT_OBJC_ISA_USAGE = YES_ERROR;
				CLANG_WARN_DOCUMENTATION_COMMENTS = YES;
				CLANG_WARN_EMPTY_BODY = YES;
				CLANG_WARN_ENUM_CONVERSION = YES;
				CLANG_WARN_INFINITE_RECURSION = YES;
				CLANG_WARN_INT_CONVERSION = YES;
				CLANG_WARN_NON_LITERAL_NULL_CONVERSION = YES;
				CLANG_WARN_OBJC_IMPLICIT_RETAIN_SELF = YES;
				CLANG_WARN_OBJC_LITERAL_CONVERSION = YES;
				CLANG_WARN_OBJC_ROOT_CLASS = YES_ERROR;
				CLANG_WARN_QUOTED_INCLUDE_IN_FRAMEWORK_HEADER = YES;
				CLANG_WARN_RANGE_LOOP_ANALYSIS = YES;
				CLANG_WARN_STRICT_PROTOTYPES = YES;
				CLANG_WARN_SUSPICIOUS_MOVE = YES;
				CLANG_WARN_UNGUARDED_AVAILABILITY = YES_AGGRESSIVE;
				CLANG_WARN_UNREACHABLE_CODE = YES;
				CLANG_WARN__DUPLICATE_METHOD_MATCH = YES;
				COPY_PHASE_STRIP = NO;
				DEBUG_INFORMATION_FORMAT = dwarf;
				DEVELOPMENT_TEAM = 8Q69T5HJ26;
				ENABLE_STRICT_OBJC_MSGSEND = YES;
				ENABLE_TESTABILITY = YES;
				ENABLE_USER_SCRIPT_SANDBOXING = YES;
				GCC_C_LANGUAGE_STANDARD = gnu17;
				GCC_DYNAMIC_NO_PIC = NO;
				GCC_NO_COMMON_BLOCKS = YES;
				GCC_OPTIMIZATION_LEVEL = 0;
				GCC_PREPROCESSOR_DEFINITIONS = (
					"DEBUG=1",
					"$(inherited)",
				);
				GCC_WARN_64_TO_32_BIT_CONVERSION = YES;
				GCC_WARN_ABOUT_RETURN_TYPE = YES_ERROR;
				GCC_WARN_UNDECLARED_SELECTOR = YES;
				GCC_WARN_UNINITIALIZED_AUTOS = YES_AGGRESSIVE;
				GCC_WARN_UNUSED_FUNCTION = YES;
				GCC_WARN_UNUSED_VARIABLE = YES;
				IPHONEOS_DEPLOYMENT_TARGET = 26.0;
				LOCALIZATION_PREFERS_STRING_CATALOGS = YES;
				MTL_ENABLE_DEBUG_INFO = INCLUDE_SOURCE;
				MTL_FAST_MATH = YES;
				ONLY_ACTIVE_ARCH = YES;
				SDKROOT = iphoneos;
				SWIFT_ACTIVE_COMPILATION_CONDITIONS = "DEBUG $(inherited)";
				SWIFT_OPTIMIZATION_LEVEL = "-Onone";
			};
			name = Debug;
		};
		C385B9532E5C9E0D00388B1A /* Release */ = {
			isa = XCBuildConfiguration;
			buildSettings = {
				ALWAYS_SEARCH_USER_PATHS = NO;
				ASSETCATALOG_COMPILER_GENERATE_SWIFT_ASSET_SYMBOL_EXTENSIONS = YES;
				CLANG_ANALYZER_NONNULL = YES;
				CLANG_ANALYZER_NUMBER_OBJECT_CONVERSION = YES_AGGRESSIVE;
				CLANG_CXX_LANGUAGE_STANDARD = "gnu++20";
				CLANG_ENABLE_MODULES = YES;
				CLANG_ENABLE_OBJC_ARC = YES;
				CLANG_ENABLE_OBJC_WEAK = YES;
				CLANG_WARN_BLOCK_CAPTURE_AUTORELEASING = YES;
				CLANG_WARN_BOOL_CONVERSION = YES;
				CLANG_WARN_COMMA = YES;
				CLANG_WARN_CONSTANT_CONVERSION = YES;
				CLANG_WARN_DEPRECATED_OBJC_IMPLEMENTATIONS = YES;
				CLANG_WARN_DIRECT_OBJC_ISA_USAGE = YES_ERROR;
				CLANG_WARN_DOCUMENTATION_COMMENTS = YES;
				CLANG_WARN_EMPTY_BODY = YES;
				CLANG_WARN_ENUM_CONVERSION = YES;
				CLANG_WARN_INFINITE_RECURSION = YES;
				CLANG_WARN_INT_CONVERSION = YES;
				CLANG_WARN_NON_LITERAL_NULL_CONVERSION = YES;
				CLANG_WARN_OBJC_IMPLICIT_RETAIN_SELF = YES;
				CLANG_WARN_OBJC_LITERAL_CONVERSION = YES;
				CLANG_WARN_OBJC_ROOT_CLASS = YES_ERROR;
				CLANG_WARN_QUOTED_INCLUDE_IN_FRAMEWORK_HEADER = YES;
				CLANG_WARN_RANGE_LOOP_ANALYSIS = YES;
				CLANG_WARN_STRICT_PROTOTYPES = YES;
				CLANG_WARN_SUSPICIOUS_MOVE = YES;
				CLANG_WARN_UNGUARDED_AVAILABILITY = YES_AGGRESSIVE;
				CLANG_WARN_UNREACHABLE_CODE = YES;
				CLANG_WARN__DUPLICATE_METHOD_MATCH = YES;
				COPY_PHASE_STRIP = NO;
				DEBUG_INFORMATION_FORMAT = "dwarf-with-dsym";
				DEVELOPMENT_TEAM = 8Q69T5HJ26;
				ENABLE_NS_ASSERTIONS = NO;
				ENABLE_STRICT_OBJC_MSGSEND = YES;
				ENABLE_USER_SCRIPT_SANDBOXING = YES;
				GCC_C_LANGUAGE_STANDARD = gnu17;
				GCC_NO_COMMON_BLOCKS = YES;
				GCC_WARN_64_TO_32_BIT_CONVERSION = YES;
				GCC_WARN_ABOUT_RETURN_TYPE = YES_ERROR;
				GCC_WARN_UNDECLARED_SELECTOR = YES;
				GCC_WARN_UNINITIALIZED_AUTOS = YES_AGGRESSIVE;
				GCC_WARN_UNUSED_FUNCTION = YES;
				GCC_WARN_UNUSED_VARIABLE = YES;
				IPHONEOS_DEPLOYMENT_TARGET = 26.0;
				LOCALIZATION_PREFERS_STRING_CATALOGS = YES;
				MTL_ENABLE_DEBUG_INFO = NO;
				MTL_FAST_MATH = YES;
				SDKROOT = iphoneos;
				SWIFT_COMPILATION_MODE = wholemodule;
				VALIDATE_PRODUCT = YES;
			};
			name = Release;
		};
		C385B9552E5C9E0D00388B1A /* Debug */ = {
			isa = XCBuildConfiguration;
			buildSettings = {
				ASSETCATALOG_COMPILER_APPICON_NAME = AppIcon;
				ASSETCATALOG_COMPILER_GLOBAL_ACCENT_COLOR_NAME = AccentColor;
				CODE_SIGN_STYLE = Automatic;
				CURRENT_PROJECT_VERSION = 1;
				DEVELOPMENT_TEAM = 8Q69T5HJ26;
				ENABLE_PREVIEWS = YES;
				GENERATE_INFOPLIST_FILE = YES;
				INFOPLIST_FILE = gameshelf/Info.plist;
				INFOPLIST_KEY_UIApplicationSceneManifest_Generation = YES;
				INFOPLIST_KEY_UIApplicationSupportsIndirectInputEvents = YES;
				INFOPLIST_KEY_UILaunchScreen_Generation = YES;
				INFOPLIST_KEY_UISupportedInterfaceOrientations_iPad = "UIInterfaceOrientationPortrait UIInterfaceOrientationPortraitUpsideDown UIInterfaceOrientationLandscapeLeft UIInterfaceOrientationLandscapeRight";
				INFOPLIST_KEY_UISupportedInterfaceOrientations_iPhone = "UIInterfaceOrientationPortrait UIInterfaceOrientationLandscapeLeft UIInterfaceOrientationLandscapeRight";
				LD_RUNPATH_SEARCH_PATHS = (
					"$(inherited)",
					"@executable_path/Frameworks",
				);
				MARKETING_VERSION = 1.0;
				PRODUCT_BUNDLE_IDENTIFIER = com.erikuhlin.gameshelf;
				PRODUCT_NAME = "$(TARGET_NAME)";
				STRING_CATALOG_GENERATE_SYMBOLS = YES;
				SWIFT_DEFAULT_ACTOR_ISOLATION = MainActor;
				SWIFT_EMIT_LOC_STRINGS = YES;
				SWIFT_UPCOMING_FEATURE_MEMBER_IMPORT_VISIBILITY = YES;
				SWIFT_VERSION = 5.0;
				TARGETED_DEVICE_FAMILY = "1,2";
			};
			name = Debug;
		};
		C385B9562E5C9E0D00388B1A /* Release */ = {
			isa = XCBuildConfiguration;
			buildSettings = {
				ASSETCATALOG_COMPILER_APPICON_NAME = AppIcon;
				ASSETCATALOG_COMPILER_GLOBAL_ACCENT_COLOR_NAME = AccentColor;
				CODE_SIGN_STYLE = Automatic;
				CURRENT_PROJECT_VERSION = 1;
				DEVELOPMENT_TEAM = 8Q69T5HJ26;
				ENABLE_PREVIEWS = YES;
				GENERATE_INFOPLIST_FILE = YES;
				INFOPLIST_FILE = gameshelf/Info.plist;
				INFOPLIST_KEY_UIApplicationSceneManifest_Generation = YES;
				INFOPLIST_KEY_UIApplicationSupportsIndirectInputEvents = YES;
				INFOPLIST_KEY_UILaunchScreen_Generation = YES;
				INFOPLIST_KEY_UISupportedInterfaceOrientations_iPad = "UIInterfaceOrientationPortrait UIInterfaceOrientationPortraitUpsideDown UIInterfaceOrientationLandscapeLeft UIInterfaceOrientationLandscapeRight";
				INFOPLIST_KEY_UISupportedInterfaceOrientations_iPhone = "UIInterfaceOrientationPortrait UIInterfaceOrientationLandscapeLeft UIInterfaceOrientationLandscapeRight";
				LD_RUNPATH_SEARCH_PATHS = (
					"$(inherited)",
					"@executable_path/Frameworks",
				);
				MARKETING_VERSION = 1.0;
				PRODUCT_BUNDLE_IDENTIFIER = com.erikuhlin.gameshelf;
				PRODUCT_NAME = "$(TARGET_NAME)";
				STRING_CATALOG_GENERATE_SYMBOLS = YES;
				SWIFT_DEFAULT_ACTOR_ISOLATION = MainActor;
				SWIFT_EMIT_LOC_STRINGS = YES;
				SWIFT_UPCOMING_FEATURE_MEMBER_IMPORT_VISIBILITY = YES;
				SWIFT_VERSION = 5.0;
				TARGETED_DEVICE_FAMILY = "1,2";
			};
			name = Release;
		};
		C385B9582E5C9E0D00388B1A /* Debug */ = {
			isa = XCBuildConfiguration;
			buildSettings = {
				BUNDLE_LOADER = "$(TEST_HOST)";
				CODE_SIGN_STYLE = Automatic;
				CURRENT_PROJECT_VERSION = 1;
				DEVELOPMENT_TEAM = 8Q69T5HJ26;
				GENERATE_INFOPLIST_FILE = YES;
				IPHONEOS_DEPLOYMENT_TARGET = 26.0;
				MARKETING_VERSION = 1.0;
				PRODUCT_BUNDLE_IDENTIFIER = com.erikuhlin.gameshelfTests;
				PRODUCT_NAME = "$(TARGET_NAME)";
				STRING_CATALOG_GENERATE_SYMBOLS = NO;
				SWIFT_EMIT_LOC_STRINGS = NO;
				SWIFT_UPCOMING_FEATURE_MEMBER_IMPORT_VISIBILITY = YES;
				SWIFT_VERSION = 5.0;
				TARGETED_DEVICE_FAMILY = "1,2";
				TEST_HOST = "$(BUILT_PRODUCTS_DIR)/Gameshelf.app/$(BUNDLE_EXECUTABLE_FOLDER_PATH)/Gameshelf";
			};
			name = Debug;
		};
		C385B9592E5C9E0D00388B1A /* Release */ = {
			isa = XCBuildConfiguration;
			buildSettings = {
				BUNDLE_LOADER = "$(TEST_HOST)";
				CODE_SIGN_STYLE = Automatic;
				CURRENT_PROJECT_VERSION = 1;
				DEVELOPMENT_TEAM = 8Q69T5HJ26;
				GENERATE_INFOPLIST_FILE = YES;
				IPHONEOS_DEPLOYMENT_TARGET = 26.0;
				MARKETING_VERSION = 1.0;
				PRODUCT_BUNDLE_IDENTIFIER = com.erikuhlin.gameshelfTests;
				PRODUCT_NAME = "$(TARGET_NAME)";
				STRING_CATALOG_GENERATE_SYMBOLS = NO;
				SWIFT_EMIT_LOC_STRINGS = NO;
				SWIFT_UPCOMING_FEATURE_MEMBER_IMPORT_VISIBILITY = YES;
				SWIFT_VERSION = 5.0;
				TARGETED_DEVICE_FAMILY = "1,2";
				TEST_HOST = "$(BUILT_PRODUCTS_DIR)/Gameshelf.app/$(BUNDLE_EXECUTABLE_FOLDER_PATH)/Gameshelf";
			};
			name = Release;
		};
		C385B95B2E5C9E0D00388B1A /* Debug */ = {
			isa = XCBuildConfiguration;
			buildSettings = {
				CODE_SIGN_STYLE = Automatic;
				CURRENT_PROJECT_VERSION = 1;
				DEVELOPMENT_TEAM = 8Q69T5HJ26;
				GENERATE_INFOPLIST_FILE = YES;
				MARKETING_VERSION = 1.0;
				PRODUCT_BUNDLE_IDENTIFIER = com.erikuhlin.gameshelfUITests;
				PRODUCT_NAME = "$(TARGET_NAME)";
				STRING_CATALOG_GENERATE_SYMBOLS = NO;
				SWIFT_EMIT_LOC_STRINGS = NO;
				SWIFT_UPCOMING_FEATURE_MEMBER_IMPORT_VISIBILITY = YES;
				SWIFT_VERSION = 5.0;
				TARGETED_DEVICE_FAMILY = "1,2";
				TEST_TARGET_NAME = gameshelf;
			};
			name = Debug;
		};
		C385B95C2E5C9E0D00388B1A /* Release */ = {
			isa = XCBuildConfiguration;
			buildSettings = {
				CODE_SIGN_STYLE = Automatic;
				CURRENT_PROJECT_VERSION = 1;
				DEVELOPMENT_TEAM = 8Q69T5HJ26;
				GENERATE_INFOPLIST_FILE = YES;
				MARKETING_VERSION = 1.0;
				PRODUCT_BUNDLE_IDENTIFIER = com.erikuhlin.gameshelfUITests;
				PRODUCT_NAME = "$(TARGET_NAME)";
				STRING_CATALOG_GENERATE_SYMBOLS = NO;
				SWIFT_EMIT_LOC_STRINGS = NO;
				SWIFT_UPCOMING_FEATURE_MEMBER_IMPORT_VISIBILITY = YES;
				SWIFT_VERSION = 5.0;
				TARGETED_DEVICE_FAMILY = "1,2";
				TEST_TARGET_NAME = gameshelf;
			};
			name = Release;
		};
/* End XCBuildConfiguration section */

/* Begin XCConfigurationList section */
		C385B9292E5C9E0B00388B1A /* Build configuration list for PBXProject "Gameshelf" */ = {
			isa = XCConfigurationList;
			buildConfigurations = (
				C385B9522E5C9E0D00388B1A /* Debug */,
				C385B9532E5C9E0D00388B1A /* Release */,
			);
			defaultConfigurationIsVisible = 0;
			defaultConfigurationName = Release;
		};
		C385B9542E5C9E0D00388B1A /* Build configuration list for PBXNativeTarget "Gameshelf" */ = {
			isa = XCConfigurationList;
			buildConfigurations = (
				C385B9552E5C9E0D00388B1A /* Debug */,
				C385B9562E5C9E0D00388B1A /* Release */,
			);
			defaultConfigurationIsVisible = 0;
			defaultConfigurationName = Release;
		};
		C385B9572E5C9E0D00388B1A /* Build configuration list for PBXNativeTarget "GameshelfTests" */ = {
			isa = XCConfigurationList;
			buildConfigurations = (
				C385B9582E5C9E0D00388B1A /* Debug */,
				C385B9592E5C9E0D00388B1A /* Release */,
			);
			defaultConfigurationIsVisible = 0;
			defaultConfigurationName = Release;
		};
		C385B95A2E5C9E0D00388B1A /* Build configuration list for PBXNativeTarget "GameshelfUITests" */ = {
			isa = XCConfigurationList;
			buildConfigurations = (
				C385B95B2E5C9E0D00388B1A /* Debug */,
				C385B95C2E5C9E0D00388B1A /* Release */,
			);
			defaultConfigurationIsVisible = 0;
			defaultConfigurationName = Release;
		};
/* End XCConfigurationList section */

/* Begin XCLocalSwiftPackageReference section */
		C385BA0D2E68279700388B1A /* XCLocalSwiftPackageReference "../../Downloads/GameshelfDesignSystem" */ = {
			isa = XCLocalSwiftPackageReference;
			relativePath = ../../Downloads/GameshelfDesignSystem;
		};
/* End XCLocalSwiftPackageReference section */
	};
	rootObject = C385B9262E5C9E0B00388B1A /* Project object */;
}
